
Microsoft Visual Studio Solution File, Format Version 12.00
# Visual Studio 15
VisualStudioVersion = 15.0.27004.2002
MinimumVisualStudioVersion = 10.0.40219.1
Project("{FAE04EC0-301F-11D3-BF4B-00C04F79EFBC}") = "Telvee32.Minesweeper.Common", "Telvee32.Minesweeper.Common\Telvee32.Minesweeper.Common.csproj", "{466DEB63-1A8D-4EC5-A7CF-1001DAA78D61}"
EndProject
Project("{FAE04EC0-301F-11D3-BF4B-00C04F79EFBC}") = "Telvee32.Minesweeper.ConsoleUI", "Telvee32.Minesweeper.ConsoleUI\Telvee32.Minesweeper.ConsoleUI.csproj", "{591307D0-9C54-44CC-8932-655813E8C1EE}"
EndProject
Project("{FAE04EC0-301F-11D3-BF4B-00C04F79EFBC}") = "Telvee32.Minesweeper.EtoUI", "Telvee32.Minesweeper.EtoUI\Telvee32.Minesweeper.EtoUI.csproj", "{0F512191-2E87-4208-A5F1-9FBC21E5D0C3}"
EndProject
Project("{FAE04EC0-301F-11D3-BF4B-00C04F79EFBC}") = "Telvee32.Minesweeper.EtoUI.Desktop", "Telvee32.Minesweeper.EtoUI.Desktop\Telvee32.Minesweeper.EtoUI.Desktop.csproj", "{B6AA3180-0F08-460C-B456-EF9CD7B050D9}"
EndProject
Global
	GlobalSection(SolutionConfigurationPlatforms) = preSolution
		Debug|Any CPU = Debug|Any CPU
		Release|Any CPU = Release|Any CPU
	EndGlobalSection
	GlobalSection(ProjectConfigurationPlatforms) = postSolution
		{466DEB63-1A8D-4EC5-A7CF-1001DAA78D61}.Debug|Any CPU.ActiveCfg = Debug|Any CPU
		{466DEB63-1A8D-4EC5-A7CF-1001DAA78D61}.Debug|Any CPU.Build.0 = Debug|Any CPU
		{466DEB63-1A8D-4EC5-A7CF-1001DAA78D61}.Release|Any CPU.ActiveCfg = Release|Any CPU
		{466DEB63-1A8D-4EC5-A7CF-1001DAA78D61}.Release|Any CPU.Build.0 = Release|Any CPU
		{591307D0-9C54-44CC-8932-655813E8C1EE}.Debug|Any CPU.ActiveCfg = Debug|Any CPU
		{591307D0-9C54-44CC-8932-655813E8C1EE}.Debug|Any CPU.Build.0 = Debug|Any CPU
		{591307D0-9C54-44CC-8932-655813E8C1EE}.Release|Any CPU.ActiveCfg = Release|Any CPU
		{591307D0-9C54-44CC-8932-655813E8C1EE}.Release|Any CPU.Build.0 = Release|Any CPU
		{0F512191-2E87-4208-A5F1-9FBC21E5D0C3}.Debug|Any CPU.ActiveCfg = Debug|Any CPU
		{0F512191-2E87-4208-A5F1-9FBC21E5D0C3}.Debug|Any CPU.Build.0 = Debug|Any CPU
		{0F512191-2E87-4208-A5F1-9FBC21E5D0C3}.Release|Any CPU.ActiveCfg = Release|Any CPU
		{0F512191-2E87-4208-A5F1-9FBC21E5D0C3}.Release|Any CPU.Build.0 = Release|Any CPU
		{B6AA3180-0F08-460C-B456-EF9CD7B050D9}.Debug|Any CPU.ActiveCfg = Debug|Any CPU
		{B6AA3180-0F08-460C-B456-EF9CD7B050D9}.Debug|Any CPU.Build.0 = Debug|Any CPU
		{B6AA3180-0F08-460C-B456-EF9CD7B050D9}.Release|Any CPU.ActiveCfg = Release|Any CPU
		{B6AA3180-0F08-460C-B456-EF9CD7B050D9}.Release|Any CPU.Build.0 = Release|Any CPU
	EndGlobalSection
	GlobalSection(SolutionProperties) = preSolution
		HideSolutionNode = FALSE
	EndGlobalSection
	GlobalSection(ExtensibilityGlobals) = postSolution
		SolutionGuid = {E2C870F3-9422-4B43-B41E-61EB3FC6E23F}
	EndGlobalSection
EndGlobal
